<?xml version="1.0" encoding="utf-8"?>
<Project ToolsVersion="4.0" xmlns="http://schemas.microsoft.com/developer/msbuild/2003">
  <ItemGroup>
    <ClCompile Include="Patterns.cpp" />
    <ClCompile Include="Singleton\Singleton.cpp">
      <Filter>Singleton</Filter>
    </ClCompile>
  </ItemGroup>
  <ItemGroup>
    <Filter Include="Factory">
      <UniqueIdentifier>{ae099e0d-0283-4e74-be86-4bf5e9b1e8c6}</UniqueIdentifier>
    </Filter>
    <Filter Include="AbstractFactory">
      <UniqueIdentifier>{2f593348-17b3-4f09-a13e-bcba153e8e41}</UniqueIdentifier>
    </Filter>
    <Filter Include="Builder">
      <UniqueIdentifier>{0610adc2-7e39-42fa-94dd-fa133fd09ffa}</UniqueIdentifier>
    </Filter>
    <Filter Include="Singleton">
      <UniqueIdentifier>{b82101f6-752b-4799-80d2-020467197efa}</UniqueIdentifier>
    </Filter>
    <Filter Include="Adapter">
      <UniqueIdentifier>{7b5b6c14-402f-427c-8da7-a7f14f7cb1e1}</UniqueIdentifier>
    </Filter>
    <Filter Include="Decorator">
      <UniqueIdentifier>{27bd9c53-6971-4370-bd64-150cbb4b2dac}</UniqueIdentifier>
    </Filter>
  </ItemGroup>
  <ItemGroup>
    <ClInclude Include="Factory\Factory.h">
      <Filter>Factory</Filter>
    </ClInclude>
    <ClInclude Include="AbstractFactory\ObjectFactory.h">
      <Filter>AbstractFactory</Filter>
    </ClInclude>
    <ClInclude Include="AbstractFactory\AbstractFactory.h">
      <Filter>AbstractFactory</Filter>
    </ClInclude>
    <ClInclude Include="Builder\Builder.h">
      <Filter>Builder</Filter>
    </ClInclude>
    <ClInclude Include="Builder\ObjectBuilder.h">
      <Filter>Builder</Filter>
    </ClInclude>
    <ClInclude Include="Builder\Director.h">
      <Filter>Builder</Filter>
    </ClInclude>
    <ClInclude Include="Singleton\Singleton.h">
      <Filter>Singleton</Filter>
    </ClInclude>
    <ClInclude Include="Adapter\Target.h">
      <Filter>Adapter</Filter>
    </ClInclude>
    <ClInclude Include="Adapter\Adapter.h">
      <Filter>Adapter</Filter>
    </ClInclude>
    <ClInclude Include="Adapter\TwoWayAdapter.h">
      <Filter>Adapter</Filter>
    </ClInclude>
    <ClInclude Include="Adapter\Adaptee.h">
      <Filter>Adapter</Filter>
    </ClInclude>
    <ClInclude Include="Decorator\Object.h">
      <Filter>Decorator</Filter>
    </ClInclude>
    <ClInclude Include="Decorator\Decorator.h">
      <Filter>Decorator</Filter>
    </ClInclude>
    <ClInclude Include="Decorator\Decorated.h">
      <Filter>Decorator</Filter>
    </ClInclude>
  </ItemGroup>
</Project>